
Microsoft Visual Studio Solution File, Format Version 12.00
# Visual Studio Version 17
VisualStudioVersion = 17.0.31903.59
MinimumVisualStudioVersion = 10.0.40219.1
Project("{FAE04EC0-301F-11D3-BF4B-00C04F79EFBC}") = "API", "API\API.csproj", "{65D414D0-845A-4B8A-9B64-433691262E09}"
EndProject
Project("{FAE04EC0-301F-11D3-BF4B-00C04F79EFBC}") = "Application", "Application\Application.csproj", "{3D8225E2-9946-46FD-9E98-3C96F3D7F48E}"
EndProject
Project("{FAE04EC0-301F-11D3-BF4B-00C04F79EFBC}") = "Domain", "Domain\Domain.csproj", "{C0EF8234-C843-42C3-8CF0-7D074F7D6144}"
EndProject
Project("{FAE04EC0-301F-11D3-BF4B-00C04F79EFBC}") = "Persistence", "Persistence\Persistence.csproj", "{BFEFD03D-68FE-4DC8-9C44-F373C2A7F242}"
EndProject
Project("{FAE04EC0-301F-11D3-BF4B-00C04F79EFBC}") = "Infrastructure", "Infrastructure\Infrastructure.csproj", "{9E733298-3B44-4D34-9994-82F233E8BA45}"
EndProject
Global
	GlobalSection(SolutionConfigurationPlatforms) = preSolution
		Debug|Any CPU = Debug|Any CPU
		Release|Any CPU = Release|Any CPU
	EndGlobalSection
	GlobalSection(SolutionProperties) = preSolution
		HideSolutionNode = FALSE
	EndGlobalSection
	GlobalSection(ProjectConfigurationPlatforms) = postSolution
		{65D414D0-845A-4B8A-9B64-433691262E09}.Debug|Any CPU.ActiveCfg = Debug|Any CPU
		{65D414D0-845A-4B8A-9B64-433691262E09}.Debug|Any CPU.Build.0 = Debug|Any CPU
		{65D414D0-845A-4B8A-9B64-433691262E09}.Release|Any CPU.ActiveCfg = Release|Any CPU
		{65D414D0-845A-4B8A-9B64-433691262E09}.Release|Any CPU.Build.0 = Release|Any CPU
		{3D8225E2-9946-46FD-9E98-3C96F3D7F48E}.Debug|Any CPU.ActiveCfg = Debug|Any CPU
		{3D8225E2-9946-46FD-9E98-3C96F3D7F48E}.Debug|Any CPU.Build.0 = Debug|Any CPU
		{3D8225E2-9946-46FD-9E98-3C96F3D7F48E}.Release|Any CPU.ActiveCfg = Release|Any CPU
		{3D8225E2-9946-46FD-9E98-3C96F3D7F48E}.Release|Any CPU.Build.0 = Release|Any CPU
		{C0EF8234-C843-42C3-8CF0-7D074F7D6144}.Debug|Any CPU.ActiveCfg = Debug|Any CPU
		{C0EF8234-C843-42C3-8CF0-7D074F7D6144}.Debug|Any CPU.Build.0 = Debug|Any CPU
		{C0EF8234-C843-42C3-8CF0-7D074F7D6144}.Release|Any CPU.ActiveCfg = Release|Any CPU
		{C0EF8234-C843-42C3-8CF0-7D074F7D6144}.Release|Any CPU.Build.0 = Release|Any CPU
		{BFEFD03D-68FE-4DC8-9C44-F373C2A7F242}.Debug|Any CPU.ActiveCfg = Debug|Any CPU
		{BFEFD03D-68FE-4DC8-9C44-F373C2A7F242}.Debug|Any CPU.Build.0 = Debug|Any CPU
		{BFEFD03D-68FE-4DC8-9C44-F373C2A7F242}.Release|Any CPU.ActiveCfg = Release|Any CPU
		{BFEFD03D-68FE-4DC8-9C44-F373C2A7F242}.Release|Any CPU.Build.0 = Release|Any CPU
		{9E733298-3B44-4D34-9994-82F233E8BA45}.Debug|Any CPU.ActiveCfg = Debug|Any CPU
		{9E733298-3B44-4D34-9994-82F233E8BA45}.Debug|Any CPU.Build.0 = Debug|Any CPU
		{9E733298-3B44-4D34-9994-82F233E8BA45}.Release|Any CPU.ActiveCfg = Release|Any CPU
		{9E733298-3B44-4D34-9994-82F233E8BA45}.Release|Any CPU.Build.0 = Release|Any CPU
	EndGlobalSection
EndGlobal
